
Microsoft Visual Studio Solution File, Format Version 12.00
# Visual Studio 15
VisualStudioVersion = 15.0.27004.2005
MinimumVisualStudioVersion = 10.0.40219.1
Project("{FAE04EC0-301F-11D3-BF4B-00C04F79EFBC}") = "Poker_dream.Android", "Poker dream\Poker_dream.Android\Poker_dream.Android.csproj", "{509B5B8A-B0B3-40E8-8937-7F560EB3AE80}"
EndProject
Project("{FAE04EC0-301F-11D3-BF4B-00C04F79EFBC}") = "Poker_dream", "Poker dream\Poker_dream\Poker_dream.csproj", "{B020AC83-E960-40FD-9EC5-24D822357CEE}"
EndProject
Project("{FAE04EC0-301F-11D3-BF4B-00C04F79EFBC}") = "Poker_dream.UWP", "Poker dream\Poker_dream.UWP\Poker_dream.UWP.csproj", "{CCD8C8FA-83CD-4FE1-9CA1-A91F5FD1794C}"
EndProject
Project("{FAE04EC0-301F-11D3-BF4B-00C04F79EFBC}") = "Poker_dream.iOS", "Poker dream\Poker_dream.iOS\Poker_dream.iOS.csproj", "{02108D1A-6263-40E0-AB0D-652C566540FB}"
EndProject
Global
	GlobalSection(SolutionConfigurationPlatforms) = preSolution
		Ad-Hoc|Any CPU = Ad-Hoc|Any CPU
		Ad-Hoc|ARM = Ad-Hoc|ARM
		Ad-Hoc|iPhone = Ad-Hoc|iPhone
		Ad-Hoc|iPhoneSimulator = Ad-Hoc|iPhoneSimulator
		Ad-Hoc|x64 = Ad-Hoc|x64
		Ad-Hoc|x86 = Ad-Hoc|x86
		AppStore|Any CPU = AppStore|Any CPU
		AppStore|ARM = AppStore|ARM
		AppStore|iPhone = AppStore|iPhone
		AppStore|iPhoneSimulator = AppStore|iPhoneSimulator
		AppStore|x64 = AppStore|x64
		AppStore|x86 = AppStore|x86
		Debug|Any CPU = Debug|Any CPU
		Debug|ARM = Debug|ARM
		Debug|iPhone = Debug|iPhone
		Debug|iPhoneSimulator = Debug|iPhoneSimulator
		Debug|x64 = Debug|x64
		Debug|x86 = Debug|x86
		Release|Any CPU = Release|Any CPU
		Release|ARM = Release|ARM
		Release|iPhone = Release|iPhone
		Release|iPhoneSimulator = Release|iPhoneSimulator
		Release|x64 = Release|x64
		Release|x86 = Release|x86
	EndGlobalSection
	GlobalSection(ProjectConfigurationPlatforms) = postSolution
		{509B5B8A-B0B3-40E8-8937-7F560EB3AE80}.Ad-Hoc|Any CPU.ActiveCfg = Release|Any CPU
		{509B5B8A-B0B3-40E8-8937-7F560EB3AE80}.Ad-Hoc|Any CPU.Build.0 = Release|Any CPU
		{509B5B8A-B0B3-40E8-8937-7F560EB3AE80}.Ad-Hoc|Any CPU.Deploy.0 = Release|Any CPU
		{509B5B8A-B0B3-40E8-8937-7F560EB3AE80}.Ad-Hoc|ARM.ActiveCfg = Release|Any CPU
		{509B5B8A-B0B3-40E8-8937-7F560EB3AE80}.Ad-Hoc|ARM.Build.0 = Release|Any CPU
		{509B5B8A-B0B3-40E8-8937-7F560EB3AE80}.Ad-Hoc|ARM.Deploy.0 = Release|Any CPU
		{509B5B8A-B0B3-40E8-8937-7F560EB3AE80}.Ad-Hoc|iPhone.ActiveCfg = Release|Any CPU
		{509B5B8A-B0B3-40E8-8937-7F560EB3AE80}.Ad-Hoc|iPhone.Build.0 = Release|Any CPU
		{509B5B8A-B0B3-40E8-8937-7F560EB3AE80}.Ad-Hoc|iPhone.Deploy.0 = Release|Any CPU
		{509B5B8A-B0B3-40E8-8937-7F560EB3AE80}.Ad-Hoc|iPhoneSimulator.ActiveCfg = Release|Any CPU
		{509B5B8A-B0B3-40E8-8937-7F560EB3AE80}.Ad-Hoc|iPhoneSimulator.Build.0 = Release|Any CPU
		{509B5B8A-B0B3-40E8-8937-7F560EB3AE80}.Ad-Hoc|iPhoneSimulator.Deploy.0 = Release|Any CPU
		{509B5B8A-B0B3-40E8-8937-7F560EB3AE80}.Ad-Hoc|x64.ActiveCfg = Release|Any CPU
		{509B5B8A-B0B3-40E8-8937-7F560EB3AE80}.Ad-Hoc|x64.Build.0 = Release|Any CPU
		{509B5B8A-B0B3-40E8-8937-7F560EB3AE80}.Ad-Hoc|x64.Deploy.0 = Release|Any CPU
		{509B5B8A-B0B3-40E8-8937-7F560EB3AE80}.Ad-Hoc|x86.ActiveCfg = Release|Any CPU
		{509B5B8A-B0B3-40E8-8937-7F560EB3AE80}.Ad-Hoc|x86.Build.0 = Release|Any CPU
		{509B5B8A-B0B3-40E8-8937-7F560EB3AE80}.Ad-Hoc|x86.Deploy.0 = Release|Any CPU
		{509B5B8A-B0B3-40E8-8937-7F560EB3AE80}.AppStore|Any CPU.ActiveCfg = Release|Any CPU
		{509B5B8A-B0B3-40E8-8937-7F560EB3AE80}.AppStore|Any CPU.Build.0 = Release|Any CPU
		{509B5B8A-B0B3-40E8-8937-7F560EB3AE80}.AppStore|Any CPU.Deploy.0 = Release|Any CPU
		{509B5B8A-B0B3-40E8-8937-7F560EB3AE80}.AppStore|ARM.ActiveCfg = Release|Any CPU
		{509B5B8A-B0B3-40E8-8937-7F560EB3AE80}.AppStore|ARM.Build.0 = Release|Any CPU
		{509B5B8A-B0B3-40E8-8937-7F560EB3AE80}.AppStore|ARM.Deploy.0 = Release|Any CPU
		{509B5B8A-B0B3-40E8-8937-7F560EB3AE80}.AppStore|iPhone.ActiveCfg = Release|Any CPU
		{509B5B8A-B0B3-40E8-8937-7F560EB3AE80}.AppStore|iPhone.Build.0 = Release|Any CPU
		{509B5B8A-B0B3-40E8-8937-7F560EB3AE80}.AppStore|iPhone.Deploy.0 = Release|Any CPU
		{509B5B8A-B0B3-40E8-8937-7F560EB3AE80}.AppStore|iPhoneSimulator.ActiveCfg = Release|Any CPU
		{509B5B8A-B0B3-40E8-8937-7F560EB3AE80}.AppStore|iPhoneSimulator.Build.0 = Release|Any CPU
		{509B5B8A-B0B3-40E8-8937-7F560EB3AE80}.AppStore|iPhoneSimulator.Deploy.0 = Release|Any CPU
		{509B5B8A-B0B3-40E8-8937-7F560EB3AE80}.AppStore|x64.ActiveCfg = Release|Any CPU
		{509B5B8A-B0B3-40E8-8937-7F560EB3AE80}.AppStore|x64.Build.0 = Release|Any CPU
		{509B5B8A-B0B3-40E8-8937-7F560EB3AE80}.AppStore|x64.Deploy.0 = Release|Any CPU
		{509B5B8A-B0B3-40E8-8937-7F560EB3AE80}.AppStore|x86.ActiveCfg = Release|Any CPU
		{509B5B8A-B0B3-40E8-8937-7F560EB3AE80}.AppStore|x86.Build.0 = Release|Any CPU
		{509B5B8A-B0B3-40E8-8937-7F560EB3AE80}.AppStore|x86.Deploy.0 = Release|Any CPU
		{509B5B8A-B0B3-40E8-8937-7F560EB3AE80}.Debug|Any CPU.ActiveCfg = Debug|Any CPU
		{509B5B8A-B0B3-40E8-8937-7F560EB3AE80}.Debug|Any CPU.Build.0 = Debug|Any CPU
		{509B5B8A-B0B3-40E8-8937-7F560EB3AE80}.Debug|Any CPU.Deploy.0 = Debug|Any CPU
		{509B5B8A-B0B3-40E8-8937-7F560EB3AE80}.Debug|ARM.ActiveCfg = Debug|Any CPU
		{509B5B8A-B0B3-40E8-8937-7F560EB3AE80}.Debug|ARM.Build.0 = Debug|Any CPU
		{509B5B8A-B0B3-40E8-8937-7F560EB3AE80}.Debug|ARM.Deploy.0 = Debug|Any CPU
		{509B5B8A-B0B3-40E8-8937-7F560EB3AE80}.Debug|iPhone.ActiveCfg = Debug|Any CPU
		{509B5B8A-B0B3-40E8-8937-7F560EB3AE80}.Debug|iPhone.Build.0 = Debug|Any CPU
		{509B5B8A-B0B3-40E8-8937-7F560EB3AE80}.Debug|iPhone.Deploy.0 = Debug|Any CPU
		{509B5B8A-B0B3-40E8-8937-7F560EB3AE80}.Debug|iPhoneSimulator.ActiveCfg = Debug|Any CPU
		{509B5B8A-B0B3-40E8-8937-7F560EB3AE80}.Debug|iPhoneSimulator.Build.0 = Debug|Any CPU
		{509B5B8A-B0B3-40E8-8937-7F560EB3AE80}.Debug|iPhoneSimulator.Deploy.0 = Debug|Any CPU
		{509B5B8A-B0B3-40E8-8937-7F560EB3AE80}.Debug|x64.ActiveCfg = Debug|Any CPU
		{509B5B8A-B0B3-40E8-8937-7F560EB3AE80}.Debug|x64.Build.0 = Debug|Any CPU
		{509B5B8A-B0B3-40E8-8937-7F560EB3AE80}.Debug|x64.Deploy.0 = Debug|Any CPU
		{509B5B8A-B0B3-40E8-8937-7F560EB3AE80}.Debug|x86.ActiveCfg = Debug|Any CPU
		{509B5B8A-B0B3-40E8-8937-7F560EB3AE80}.Debug|x86.Build.0 = Debug|Any CPU
		{509B5B8A-B0B3-40E8-8937-7F560EB3AE80}.Debug|x86.Deploy.0 = Debug|Any CPU
		{509B5B8A-B0B3-40E8-8937-7F560EB3AE80}.Release|Any CPU.ActiveCfg = Release|Any CPU
		{509B5B8A-B0B3-40E8-8937-7F560EB3AE80}.Release|Any CPU.Build.0 = Release|Any CPU
		{509B5B8A-B0B3-40E8-8937-7F560EB3AE80}.Release|Any CPU.Deploy.0 = Release|Any CPU
		{509B5B8A-B0B3-40E8-8937-7F560EB3AE80}.Release|ARM.ActiveCfg = Release|Any CPU
		{509B5B8A-B0B3-40E8-8937-7F560EB3AE80}.Release|ARM.Build.0 = Release|Any CPU
		{509B5B8A-B0B3-40E8-8937-7F560EB3AE80}.Release|ARM.Deploy.0 = Release|Any CPU
		{509B5B8A-B0B3-40E8-8937-7F560EB3AE80}.Release|iPhone.ActiveCfg = Release|Any CPU
		{509B5B8A-B0B3-40E8-8937-7F560EB3AE80}.Release|iPhone.Build.0 = Release|Any CPU
		{509B5B8A-B0B3-40E8-8937-7F560EB3AE80}.Release|iPhone.Deploy.0 = Release|Any CPU
		{509B5B8A-B0B3-40E8-8937-7F560EB3AE80}.Release|iPhoneSimulator.ActiveCfg = Release|Any CPU
		{509B5B8A-B0B3-40E8-8937-7F560EB3AE80}.Release|iPhoneSimulator.Build.0 = Release|Any CPU
		{509B5B8A-B0B3-40E8-8937-7F560EB3AE80}.Release|iPhoneSimulator.Deploy.0 = Release|Any CPU
		{509B5B8A-B0B3-40E8-8937-7F560EB3AE80}.Release|x64.ActiveCfg = Release|Any CPU
		{509B5B8A-B0B3-40E8-8937-7F560EB3AE80}.Release|x64.Build.0 = Release|Any CPU
		{509B5B8A-B0B3-40E8-8937-7F560EB3AE80}.Release|x64.Deploy.0 = Release|Any CPU
		{509B5B8A-B0B3-40E8-8937-7F560EB3AE80}.Release|x86.ActiveCfg = Release|Any CPU
		{509B5B8A-B0B3-40E8-8937-7F560EB3AE80}.Release|x86.Build.0 = Release|Any CPU
		{509B5B8A-B0B3-40E8-8937-7F560EB3AE80}.Release|x86.Deploy.0 = Release|Any CPU
		{B020AC83-E960-40FD-9EC5-24D822357CEE}.Ad-Hoc|Any CPU.ActiveCfg = Release|Any CPU
		{B020AC83-E960-40FD-9EC5-24D822357CEE}.Ad-Hoc|Any CPU.Build.0 = Release|Any CPU
		{B020AC83-E960-40FD-9EC5-24D822357CEE}.Ad-Hoc|ARM.ActiveCfg = Release|Any CPU
		{B020AC83-E960-40FD-9EC5-24D822357CEE}.Ad-Hoc|ARM.Build.0 = Release|Any CPU
		{B020AC83-E960-40FD-9EC5-24D822357CEE}.Ad-Hoc|iPhone.ActiveCfg = Release|Any CPU
		{B020AC83-E960-40FD-9EC5-24D822357CEE}.Ad-Hoc|iPhone.Build.0 = Release|Any CPU
		{B020AC83-E960-40FD-9EC5-24D822357CEE}.Ad-Hoc|iPhoneSimulator.ActiveCfg = Release|Any CPU
		{B020AC83-E960-40FD-9EC5-24D822357CEE}.Ad-Hoc|iPhoneSimulator.Build.0 = Release|Any CPU
		{B020AC83-E960-40FD-9EC5-24D822357CEE}.Ad-Hoc|x64.ActiveCfg = Release|Any CPU
		{B020AC83-E960-40FD-9EC5-24D822357CEE}.Ad-Hoc|x64.Build.0 = Release|Any CPU
		{B020AC83-E960-40FD-9EC5-24D822357CEE}.Ad-Hoc|x86.ActiveCfg = Release|Any CPU
		{B020AC83-E960-40FD-9EC5-24D822357CEE}.Ad-Hoc|x86.Build.0 = Release|Any CPU
		{B020AC83-E960-40FD-9EC5-24D822357CEE}.AppStore|Any CPU.ActiveCfg = Release|Any CPU
		{B020AC83-E960-40FD-9EC5-24D822357CEE}.AppStore|Any CPU.Build.0 = Release|Any CPU
		{B020AC83-E960-40FD-9EC5-24D822357CEE}.AppStore|ARM.ActiveCfg = Release|Any CPU
		{B020AC83-E960-40FD-9EC5-24D822357CEE}.AppStore|ARM.Build.0 = Release|Any CPU
		{B020AC83-E960-40FD-9EC5-24D822357CEE}.AppStore|iPhone.ActiveCfg = Release|Any CPU
		{B020AC83-E960-40FD-9EC5-24D822357CEE}.AppStore|iPhone.Build.0 = Release|Any CPU
		{B020AC83-E960-40FD-9EC5-24D822357CEE}.AppStore|iPhoneSimulator.ActiveCfg = Release|Any CPU
		{B020AC83-E960-40FD-9EC5-24D822357CEE}.AppStore|iPhoneSimulator.Build.0 = Release|Any CPU
		{B020AC83-E960-40FD-9EC5-24D822357CEE}.AppStore|x64.ActiveCfg = Release|Any CPU
		{B020AC83-E960-40FD-9EC5-24D822357CEE}.AppStore|x64.Build.0 = Release|Any CPU
		{B020AC83-E960-40FD-9EC5-24D822357CEE}.AppStore|x86.ActiveCfg = Release|Any CPU
		{B020AC83-E960-40FD-9EC5-24D822357CEE}.AppStore|x86.Build.0 = Release|Any CPU
		{B020AC83-E960-40FD-9EC5-24D822357CEE}.Debug|Any CPU.ActiveCfg = Debug|Any CPU
		{B020AC83-E960-40FD-9EC5-24D822357CEE}.Debug|Any CPU.Build.0 = Debug|Any CPU
		{B020AC83-E960-40FD-9EC5-24D822357CEE}.Debug|ARM.ActiveCfg = Debug|Any CPU
		{B020AC83-E960-40FD-9EC5-24D822357CEE}.Debug|ARM.Build.0 = Debug|Any CPU
		{B020AC83-E960-40FD-9EC5-24D822357CEE}.Debug|iPhone.ActiveCfg = Debug|Any CPU
		{B020AC83-E960-40FD-9EC5-24D822357CEE}.Debug|iPhone.Build.0 = Debug|Any CPU
		{B020AC83-E960-40FD-9EC5-24D822357CEE}.Debug|iPhoneSimulator.ActiveCfg = Debug|Any CPU
		{B020AC83-E960-40FD-9EC5-24D822357CEE}.Debug|iPhoneSimulator.Build.0 = Debug|Any CPU
		{B020AC83-E960-40FD-9EC5-24D822357CEE}.Debug|x64.ActiveCfg = Debug|Any CPU
		{B020AC83-E960-40FD-9EC5-24D822357CEE}.Debug|x64.Build.0 = Debug|Any CPU
		{B020AC83-E960-40FD-9EC5-24D822357CEE}.Debug|x86.ActiveCfg = Debug|Any CPU
		{B020AC83-E960-40FD-9EC5-24D822357CEE}.Debug|x86.Build.0 = Debug|Any CPU
		{B020AC83-E960-40FD-9EC5-24D822357CEE}.Release|Any CPU.ActiveCfg = Release|Any CPU
		{B020AC83-E960-40FD-9EC5-24D822357CEE}.Release|Any CPU.Build.0 = Release|Any CPU
		{B020AC83-E960-40FD-9EC5-24D822357CEE}.Release|ARM.ActiveCfg = Release|Any CPU
		{B020AC83-E960-40FD-9EC5-24D822357CEE}.Release|ARM.Build.0 = Release|Any CPU
		{B020AC83-E960-40FD-9EC5-24D822357CEE}.Release|iPhone.ActiveCfg = Release|Any CPU
		{B020AC83-E960-40FD-9EC5-24D822357CEE}.Release|iPhone.Build.0 = Release|Any CPU
		{B020AC83-E960-40FD-9EC5-24D822357CEE}.Release|iPhoneSimulator.ActiveCfg = Release|Any CPU
		{B020AC83-E960-40FD-9EC5-24D822357CEE}.Release|iPhoneSimulator.Build.0 = Release|Any CPU
		{B020AC83-E960-40FD-9EC5-24D822357CEE}.Release|x64.ActiveCfg = Release|Any CPU
		{B020AC83-E960-40FD-9EC5-24D822357CEE}.Release|x64.Build.0 = Release|Any CPU
		{B020AC83-E960-40FD-9EC5-24D822357CEE}.Release|x86.ActiveCfg = Release|Any CPU
		{B020AC83-E960-40FD-9EC5-24D822357CEE}.Release|x86.Build.0 = Release|Any CPU
		{CCD8C8FA-83CD-4FE1-9CA1-A91F5FD1794C}.Ad-Hoc|Any CPU.ActiveCfg = Release|x86
		{CCD8C8FA-83CD-4FE1-9CA1-A91F5FD1794C}.Ad-Hoc|Any CPU.Build.0 = Release|x86
		{CCD8C8FA-83CD-4FE1-9CA1-A91F5FD1794C}.Ad-Hoc|Any CPU.Deploy.0 = Release|x86
		{CCD8C8FA-83CD-4FE1-9CA1-A91F5FD1794C}.Ad-Hoc|ARM.ActiveCfg = Release|ARM
		{CCD8C8FA-83CD-4FE1-9CA1-A91F5FD1794C}.Ad-Hoc|ARM.Build.0 = Release|ARM
		{CCD8C8FA-83CD-4FE1-9CA1-A91F5FD1794C}.Ad-Hoc|ARM.Deploy.0 = Release|ARM
		{CCD8C8FA-83CD-4FE1-9CA1-A91F5FD1794C}.Ad-Hoc|iPhone.ActiveCfg = Release|x86
		{CCD8C8FA-83CD-4FE1-9CA1-A91F5FD1794C}.Ad-Hoc|iPhone.Build.0 = Release|x86
		{CCD8C8FA-83CD-4FE1-9CA1-A91F5FD1794C}.Ad-Hoc|iPhone.Deploy.0 = Release|x86
		{CCD8C8FA-83CD-4FE1-9CA1-A91F5FD1794C}.Ad-Hoc|iPhoneSimulator.ActiveCfg = Release|x86
		{CCD8C8FA-83CD-4FE1-9CA1-A91F5FD1794C}.Ad-Hoc|iPhoneSimulator.Build.0 = Release|x86
		{CCD8C8FA-83CD-4FE1-9CA1-A91F5FD1794C}.Ad-Hoc|iPhoneSimulator.Deploy.0 = Release|x86
		{CCD8C8FA-83CD-4FE1-9CA1-A91F5FD1794C}.Ad-Hoc|x64.ActiveCfg = Release|x64
		{CCD8C8FA-83CD-4FE1-9CA1-A91F5FD1794C}.Ad-Hoc|x64.Build.0 = Release|x64
		{CCD8C8FA-83CD-4FE1-9CA1-A91F5FD1794C}.Ad-Hoc|x64.Deploy.0 = Release|x64
		{CCD8C8FA-83CD-4FE1-9CA1-A91F5FD1794C}.Ad-Hoc|x86.ActiveCfg = Release|x86
		{CCD8C8FA-83CD-4FE1-9CA1-A91F5FD1794C}.Ad-Hoc|x86.Build.0 = Release|x86
		{CCD8C8FA-83CD-4FE1-9CA1-A91F5FD1794C}.Ad-Hoc|x86.Deploy.0 = Release|x86
		{CCD8C8FA-83CD-4FE1-9CA1-A91F5FD1794C}.AppStore|Any CPU.ActiveCfg = Release|x86
		{CCD8C8FA-83CD-4FE1-9CA1-A91F5FD1794C}.AppStore|Any CPU.Build.0 = Release|x86
		{CCD8C8FA-83CD-4FE1-9CA1-A91F5FD1794C}.AppStore|Any CPU.Deploy.0 = Release|x86
		{CCD8C8FA-83CD-4FE1-9CA1-A91F5FD1794C}.AppStore|ARM.ActiveCfg = Release|ARM
		{CCD8C8FA-83CD-4FE1-9CA1-A91F5FD1794C}.AppStore|ARM.Build.0 = Release|ARM
		{CCD8C8FA-83CD-4FE1-9CA1-A91F5FD1794C}.AppStore|ARM.Deploy.0 = Release|ARM
		{CCD8C8FA-83CD-4FE1-9CA1-A91F5FD1794C}.AppStore|iPhone.ActiveCfg = Release|x86
		{CCD8C8FA-83CD-4FE1-9CA1-A91F5FD1794C}.AppStore|iPhone.Build.0 = Release|x86
		{CCD8C8FA-83CD-4FE1-9CA1-A91F5FD1794C}.AppStore|iPhone.Deploy.0 = Release|x86
		{CCD8C8FA-83CD-4FE1-9CA1-A91F5FD1794C}.AppStore|iPhoneSimulator.ActiveCfg = Release|x86
		{CCD8C8FA-83CD-4FE1-9CA1-A91F5FD1794C}.AppStore|iPhoneSimulator.Build.0 = Release|x86
		{CCD8C8FA-83CD-4FE1-9CA1-A91F5FD1794C}.AppStore|iPhoneSimulator.Deploy.0 = Release|x86
		{CCD8C8FA-83CD-4FE1-9CA1-A91F5FD1794C}.AppStore|x64.ActiveCfg = Release|x64
		{CCD8C8FA-83CD-4FE1-9CA1-A91F5FD1794C}.AppStore|x64.Build.0 = Release|x64
		{CCD8C8FA-83CD-4FE1-9CA1-A91F5FD1794C}.AppStore|x64.Deploy.0 = Release|x64
		{CCD8C8FA-83CD-4FE1-9CA1-A91F5FD1794C}.AppStore|x86.ActiveCfg = Release|x86
		{CCD8C8FA-83CD-4FE1-9CA1-A91F5FD1794C}.AppStore|x86.Build.0 = Release|x86
		{CCD8C8FA-83CD-4FE1-9CA1-A91F5FD1794C}.AppStore|x86.Deploy.0 = Release|x86
		{CCD8C8FA-83CD-4FE1-9CA1-A91F5FD1794C}.Debug|Any CPU.ActiveCfg = Debug|x86
		{CCD8C8FA-83CD-4FE1-9CA1-A91F5FD1794C}.Debug|ARM.ActiveCfg = Debug|ARM
		{CCD8C8FA-83CD-4FE1-9CA1-A91F5FD1794C}.Debug|ARM.Build.0 = Debug|ARM
		{CCD8C8FA-83CD-4FE1-9CA1-A91F5FD1794C}.Debug|ARM.Deploy.0 = Debug|ARM
		{CCD8C8FA-83CD-4FE1-9CA1-A91F5FD1794C}.Debug|iPhone.ActiveCfg = Debug|x86
		{CCD8C8FA-83CD-4FE1-9CA1-A91F5FD1794C}.Debug|iPhoneSimulator.ActiveCfg = Debug|x86
		{CCD8C8FA-83CD-4FE1-9CA1-A91F5FD1794C}.Debug|x64.ActiveCfg = Debug|x64
		{CCD8C8FA-83CD-4FE1-9CA1-A91F5FD1794C}.Debug|x64.Build.0 = Debug|x64
		{CCD8C8FA-83CD-4FE1-9CA1-A91F5FD1794C}.Debug|x64.Deploy.0 = Debug|x64
		{CCD8C8FA-83CD-4FE1-9CA1-A91F5FD1794C}.Debug|x86.ActiveCfg = Debug|x86
		{CCD8C8FA-83CD-4FE1-9CA1-A91F5FD1794C}.Debug|x86.Build.0 = Debug|x86
		{CCD8C8FA-83CD-4FE1-9CA1-A91F5FD1794C}.Debug|x86.Deploy.0 = Debug|x86
		{CCD8C8FA-83CD-4FE1-9CA1-A91F5FD1794C}.Release|Any CPU.ActiveCfg = Release|x86
		{CCD8C8FA-83CD-4FE1-9CA1-A91F5FD1794C}.Release|ARM.ActiveCfg = Release|ARM
		{CCD8C8FA-83CD-4FE1-9CA1-A91F5FD1794C}.Release|ARM.Build.0 = Release|ARM
		{CCD8C8FA-83CD-4FE1-9CA1-A91F5FD1794C}.Release|ARM.Deploy.0 = Release|ARM
		{CCD8C8FA-83CD-4FE1-9CA1-A91F5FD1794C}.Release|iPhone.ActiveCfg = Release|x86
		{CCD8C8FA-83CD-4FE1-9CA1-A91F5FD1794C}.Release|iPhoneSimulator.ActiveCfg = Release|x86
		{CCD8C8FA-83CD-4FE1-9CA1-A91F5FD1794C}.Release|x64.ActiveCfg = Release|x64
		{CCD8C8FA-83CD-4FE1-9CA1-A91F5FD1794C}.Release|x64.Build.0 = Release|x64
		{CCD8C8FA-83CD-4FE1-9CA1-A91F5FD1794C}.Release|x64.Deploy.0 = Release|x64
		{CCD8C8FA-83CD-4FE1-9CA1-A91F5FD1794C}.Release|x86.ActiveCfg = Release|x86
		{CCD8C8FA-83CD-4FE1-9CA1-A91F5FD1794C}.Release|x86.Build.0 = Release|x86
		{CCD8C8FA-83CD-4FE1-9CA1-A91F5FD1794C}.Release|x86.Deploy.0 = Release|x86
		{02108D1A-6263-40E0-AB0D-652C566540FB}.Ad-Hoc|Any CPU.ActiveCfg = Ad-Hoc|iPhoneSimulator
		{02108D1A-6263-40E0-AB0D-652C566540FB}.Ad-Hoc|ARM.ActiveCfg = Ad-Hoc|iPhone
		{02108D1A-6263-40E0-AB0D-652C566540FB}.Ad-Hoc|iPhone.ActiveCfg = Ad-Hoc|iPhone
		{02108D1A-6263-40E0-AB0D-652C566540FB}.Ad-Hoc|iPhone.Build.0 = Ad-Hoc|iPhone
		{02108D1A-6263-40E0-AB0D-652C566540FB}.Ad-Hoc|iPhoneSimulator.ActiveCfg = Ad-Hoc|iPhoneSimulator
		{02108D1A-6263-40E0-AB0D-652C566540FB}.Ad-Hoc|iPhoneSimulator.Build.0 = Ad-Hoc|iPhoneSimulator
		{02108D1A-6263-40E0-AB0D-652C566540FB}.Ad-Hoc|x64.ActiveCfg = Ad-Hoc|iPhone
		{02108D1A-6263-40E0-AB0D-652C566540FB}.Ad-Hoc|x86.ActiveCfg = Ad-Hoc|iPhone
		{02108D1A-6263-40E0-AB0D-652C566540FB}.AppStore|Any CPU.ActiveCfg = AppStore|iPhoneSimulator
		{02108D1A-6263-40E0-AB0D-652C566540FB}.AppStore|ARM.ActiveCfg = AppStore|iPhone
		{02108D1A-6263-40E0-AB0D-652C566540FB}.AppStore|iPhone.ActiveCfg = AppStore|iPhone
		{02108D1A-6263-40E0-AB0D-652C566540FB}.AppStore|iPhone.Build.0 = AppStore|iPhone
		{02108D1A-6263-40E0-AB0D-652C566540FB}.AppStore|iPhoneSimulator.ActiveCfg = AppStore|iPhoneSimulator
		{02108D1A-6263-40E0-AB0D-652C566540FB}.AppStore|iPhoneSimulator.Build.0 = AppStore|iPhoneSimulator
		{02108D1A-6263-40E0-AB0D-652C566540FB}.AppStore|x64.ActiveCfg = AppStore|iPhone
		{02108D1A-6263-40E0-AB0D-652C566540FB}.AppStore|x86.ActiveCfg = AppStore|iPhone
		{02108D1A-6263-40E0-AB0D-652C566540FB}.Debug|Any CPU.ActiveCfg = Debug|iPhoneSimulator
		{02108D1A-6263-40E0-AB0D-652C566540FB}.Debug|ARM.ActiveCfg = Debug|iPhone
		{02108D1A-6263-40E0-AB0D-652C566540FB}.Debug|iPhone.ActiveCfg = Debug|iPhone
		{02108D1A-6263-40E0-AB0D-652C566540FB}.Debug|iPhone.Build.0 = Debug|iPhone
		{02108D1A-6263-40E0-AB0D-652C566540FB}.Debug|iPhoneSimulator.ActiveCfg = Debug|iPhoneSimulator
		{02108D1A-6263-40E0-AB0D-652C566540FB}.Debug|iPhoneSimulator.Build.0 = Debug|iPhoneSimulator
		{02108D1A-6263-40E0-AB0D-652C566540FB}.Debug|x64.ActiveCfg = Debug|iPhone
		{02108D1A-6263-40E0-AB0D-652C566540FB}.Debug|x86.ActiveCfg = Debug|iPhone
		{02108D1A-6263-40E0-AB0D-652C566540FB}.Release|Any CPU.ActiveCfg = Release|iPhoneSimulator
		{02108D1A-6263-40E0-AB0D-652C566540FB}.Release|ARM.ActiveCfg = Release|iPhone
		{02108D1A-6263-40E0-AB0D-652C566540FB}.Release|iPhone.ActiveCfg = Release|iPhone
		{02108D1A-6263-40E0-AB0D-652C566540FB}.Release|iPhone.Build.0 = Release|iPhone
		{02108D1A-6263-40E0-AB0D-652C566540FB}.Release|iPhoneSimulator.ActiveCfg = Release|iPhoneSimulator
		{02108D1A-6263-40E0-AB0D-652C566540FB}.Release|iPhoneSimulator.Build.0 = Release|iPhoneSimulator
		{02108D1A-6263-40E0-AB0D-652C566540FB}.Release|x64.ActiveCfg = Release|iPhone
		{02108D1A-6263-40E0-AB0D-652C566540FB}.Release|x86.ActiveCfg = Release|iPhone
	EndGlobalSection
	GlobalSection(SolutionProperties) = preSolution
		HideSolutionNode = FALSE
	EndGlobalSection
	GlobalSection(ExtensibilityGlobals) = postSolution
		SolutionGuid = {2FB327E1-A689-48A1-8220-EC290610E7AE}
	EndGlobalSection
EndGlobal
